
Microsoft Visual Studio Solution File, Format Version 11.00
# Visual C++ Express 2010
Project("{8BC9CEB8-8B4A-11D0-8D11-00A0C91BC942}") = "HEX2", "hex2.vcxproj", "{AC350BD9-59D7-48AD-8613-7CDE51850189}"
	ProjectSection(ProjectDependencies) = postProject
		{09326341-485D-4CA8-8B3D-4586E41E47A2} = {09326341-485D-4CA8-8B3D-4586E41E47A2}
		{1BFA5152-B021-403A-90D8-FA2362917499} = {1BFA5152-B021-403A-90D8-FA2362917499}
		{F9347094-1F0D-491F-B049-F8EE266851BB} = {F9347094-1F0D-491F-B049-F8EE266851BB}
		{414142D6-CCEE-4BB8-860C-E25C3D948C01} = {414142D6-CCEE-4BB8-860C-E25C3D948C01}
	EndProjectSection
EndProject
Project("{8BC9CEB8-8B4A-11D0-8D11-00A0C91BC942}") = "hexDLL", "hexDLL.vcxproj", "{09326341-485D-4CA8-8B3D-4586E41E47A2}"
EndProject
Project("{8BC9CEB8-8B4A-11D0-8D11-00A0C91BC942}") = "hexLib", "hexLib.vcxproj", "{1BFA5152-B021-403A-90D8-FA2362917499}"
	ProjectSection(ProjectDependencies) = postProject
		{09326341-485D-4CA8-8B3D-4586E41E47A2} = {09326341-485D-4CA8-8B3D-4586E41E47A2}
		{F9347094-1F0D-491F-B049-F8EE266851BB} = {F9347094-1F0D-491F-B049-F8EE266851BB}
		{414142D6-CCEE-4BB8-860C-E25C3D948C01} = {414142D6-CCEE-4BB8-860C-E25C3D948C01}
	EndProjectSection
EndProject
Project("{8BC9CEB8-8B4A-11D0-8D11-00A0C91BC942}") = "hexObjs", "hexObjs.vcxproj", "{414142D6-CCEE-4BB8-860C-E25C3D948C01}"
	ProjectSection(ProjectDependencies) = postProject
		{F9347094-1F0D-491F-B049-F8EE266851BB} = {F9347094-1F0D-491F-B049-F8EE266851BB}
	EndProjectSection
EndProject
Project("{8BC9CEB8-8B4A-11D0-8D11-00A0C91BC942}") = "HACKEREX1", "formats\HACKEREX1\HACKEREX1.vcxproj", "{76438A50-6935-44B2-9E64-984527BCE7AB}"
	ProjectSection(ProjectDependencies) = postProject
		{F9347094-1F0D-491F-B049-F8EE266851BB} = {F9347094-1F0D-491F-B049-F8EE266851BB}
		{414142D6-CCEE-4BB8-860C-E25C3D948C01} = {414142D6-CCEE-4BB8-860C-E25C3D948C01}
	EndProjectSection
EndProject
Project("{8BC9CEB8-8B4A-11D0-8D11-00A0C91BC942}") = "zxStuff", "zxStuff.vcxproj", "{F9347094-1F0D-491F-B049-F8EE266851BB}"
EndProject
Global
	GlobalSection(SolutionConfigurationPlatforms) = preSolution
		x86|Win32 = x86|Win32
		x86dbg|Win32 = x86dbg|Win32
	EndGlobalSection
	GlobalSection(ProjectConfigurationPlatforms) = postSolution
		{AC350BD9-59D7-48AD-8613-7CDE51850189}.x86|Win32.ActiveCfg = x86|Win32
		{AC350BD9-59D7-48AD-8613-7CDE51850189}.x86|Win32.Build.0 = x86|Win32
		{AC350BD9-59D7-48AD-8613-7CDE51850189}.x86dbg|Win32.ActiveCfg = x86dbg|Win32
		{AC350BD9-59D7-48AD-8613-7CDE51850189}.x86dbg|Win32.Build.0 = x86dbg|Win32
		{09326341-485D-4CA8-8B3D-4586E41E47A2}.x86|Win32.ActiveCfg = x86|Win32
		{09326341-485D-4CA8-8B3D-4586E41E47A2}.x86|Win32.Build.0 = x86|Win32
		{09326341-485D-4CA8-8B3D-4586E41E47A2}.x86dbg|Win32.ActiveCfg = x86dbg|Win32
		{09326341-485D-4CA8-8B3D-4586E41E47A2}.x86dbg|Win32.Build.0 = x86dbg|Win32
		{1BFA5152-B021-403A-90D8-FA2362917499}.x86|Win32.ActiveCfg = x86|Win32
		{1BFA5152-B021-403A-90D8-FA2362917499}.x86|Win32.Build.0 = x86|Win32
		{1BFA5152-B021-403A-90D8-FA2362917499}.x86dbg|Win32.ActiveCfg = x86dbg|Win32
		{1BFA5152-B021-403A-90D8-FA2362917499}.x86dbg|Win32.Build.0 = x86dbg|Win32
		{414142D6-CCEE-4BB8-860C-E25C3D948C01}.x86|Win32.ActiveCfg = x86|Win32
		{414142D6-CCEE-4BB8-860C-E25C3D948C01}.x86|Win32.Build.0 = x86|Win32
		{414142D6-CCEE-4BB8-860C-E25C3D948C01}.x86dbg|Win32.ActiveCfg = x86dbg|Win32
		{414142D6-CCEE-4BB8-860C-E25C3D948C01}.x86dbg|Win32.Build.0 = x86dbg|Win32
		{76438A50-6935-44B2-9E64-984527BCE7AB}.x86|Win32.ActiveCfg = x86|Win32
		{76438A50-6935-44B2-9E64-984527BCE7AB}.x86|Win32.Build.0 = x86|Win32
		{76438A50-6935-44B2-9E64-984527BCE7AB}.x86dbg|Win32.ActiveCfg = x86dbg|Win32
		{76438A50-6935-44B2-9E64-984527BCE7AB}.x86dbg|Win32.Build.0 = x86dbg|Win32
		{F9347094-1F0D-491F-B049-F8EE266851BB}.x86|Win32.ActiveCfg = x86|Win32
		{F9347094-1F0D-491F-B049-F8EE266851BB}.x86|Win32.Build.0 = x86|Win32
		{F9347094-1F0D-491F-B049-F8EE266851BB}.x86dbg|Win32.ActiveCfg = x86dbg|Win32
		{F9347094-1F0D-491F-B049-F8EE266851BB}.x86dbg|Win32.Build.0 = x86dbg|Win32
	EndGlobalSection
	GlobalSection(SolutionProperties) = preSolution
		HideSolutionNode = FALSE
	EndGlobalSection
EndGlobal
