<?xml version="1.0" encoding="utf-8"?>
<Project ToolsVersion="4.0" xmlns="http://schemas.microsoft.com/developer/msbuild/2003">
  <ItemGroup>
    <Filter Include="Source Files">
      <UniqueIdentifier>{4FC737F1-C7A5-4376-A066-2A32D752A2FF}</UniqueIdentifier>
      <Extensions>cpp;c;cc;cxx;def;odl;idl;hpj;bat;asm;asmx</Extensions>
    </Filter>
    <Filter Include="Header Files">
      <UniqueIdentifier>{93995380-89BD-4b04-88EB-625FBE52EBFB}</UniqueIdentifier>
      <Extensions>h;hpp;hxx;hm;inl;inc;xsd</Extensions>
    </Filter>
    <Filter Include="Resource Files">
      <UniqueIdentifier>{67DA6AB6-F800-4c08-8B7A-83BB121AAD01}</UniqueIdentifier>
      <Extensions>rc;ico;cur;bmp;dlg;rc2;rct;bin;rgs;gif;jpg;jpeg;jpe;resx;tiff;tif;png;wav;mfcribbon-ms</Extensions>
    </Filter>
  </ItemGroup>
  <ItemGroup>
    <None Include="hex2_wxFBv3.2.fbp" />
  </ItemGroup>
  <ItemGroup>
    <ClInclude Include="hex2_app.h">
      <Filter>Header Files</Filter>
    </ClInclude>
    <ClInclude Include="hex2_G.h">
      <Filter>Header Files</Filter>
    </ClInclude>
    <ClInclude Include="hex2_global.h">
      <Filter>Header Files</Filter>
    </ClInclude>
    <ClInclude Include="hex2_wxFB.h">
      <Filter>Header Files</Filter>
    </ClInclude>
  </ItemGroup>
  <ItemGroup>
    <ClCompile Include="hex2_dbCheck.cpp">
      <Filter>Source Files</Filter>
    </ClCompile>
    <ClCompile Include="hex2_dbShow.cpp">
      <Filter>Source Files</Filter>
    </ClCompile>
    <ClCompile Include="hex2_Edit.cpp">
      <Filter>Source Files</Filter>
    </ClCompile>
    <ClCompile Include="hex2_G.cpp">
      <Filter>Source Files</Filter>
    </ClCompile>
    <ClCompile Include="hex2_G_LoadBin.cpp">
      <Filter>Source Files</Filter>
    </ClCompile>
    <ClCompile Include="hex2_G_LoadData.cpp">
      <Filter>Source Files</Filter>
    </ClCompile>
    <ClCompile Include="hex2_G_LoadOrg.cpp">
      <Filter>Source Files</Filter>
    </ClCompile>
    <ClCompile Include="hex2_G_LoadPfl.cpp">
      <Filter>Source Files</Filter>
    </ClCompile>
    <ClCompile Include="hex2_G_LoadPfm.cpp">
      <Filter>Source Files</Filter>
    </ClCompile>
    <ClCompile Include="hex2_G_LoadState.cpp">
      <Filter>Source Files</Filter>
    </ClCompile>
    <ClCompile Include="hex2_main.cpp">
      <Filter>Source Files</Filter>
    </ClCompile>
    <ClCompile Include="hex2_update.cpp">
      <Filter>Source Files</Filter>
    </ClCompile>
    <ClCompile Include="hex2_wxFB.cpp">
      <Filter>Source Files</Filter>
    </ClCompile>
  </ItemGroup>
  <ItemGroup>
    <ResourceCompile Include="resource.rc">
      <Filter>Resource Files</Filter>
    </ResourceCompile>
  </ItemGroup>
</Project>